Microsoft Visual Studio Solution File, Format Version 12.00
# Visual Studio 2012
Project("{FAE04EC0-301F-11D3-BF4B-00C04F79EFBC}") = "ai-godot-project", "ai-godot-project.csproj", "{52719DDF-DD9B-4F72-AB30-1E9572488A07}"
EndProject
Global
	GlobalSection(SolutionConfigurationPlatforms) = preSolution
	Debug|Any CPU = Debug|Any CPU
	ExportDebug|Any CPU = ExportDebug|Any CPU
	ExportRelease|Any CPU = ExportRelease|Any CPU
	EndGlobalSection
	GlobalSection(ProjectConfigurationPlatforms) = postSolution
		{52719DDF-DD9B-4F72-AB30-1E9572488A07}.Debug|Any CPU.ActiveCfg = Debug|Any CPU
		{52719DDF-DD9B-4F72-AB30-1E9572488A07}.Debug|Any CPU.Build.0 = Debug|Any CPU
		{52719DDF-DD9B-4F72-AB30-1E9572488A07}.ExportDebug|Any CPU.ActiveCfg = ExportDebug|Any CPU
		{52719DDF-DD9B-4F72-AB30-1E9572488A07}.ExportDebug|Any CPU.Build.0 = ExportDebug|Any CPU
		{52719DDF-DD9B-4F72-AB30-1E9572488A07}.ExportRelease|Any CPU.ActiveCfg = ExportRelease|Any CPU
		{52719DDF-DD9B-4F72-AB30-1E9572488A07}.ExportRelease|Any CPU.Build.0 = ExportRelease|Any CPU
	EndGlobalSection
EndGlobal
